
Microsoft Visual Studio Solution File, Format Version 12.00
# Visual Studio 15
VisualStudioVersion = 15.0.27703.2035
MinimumVisualStudioVersion = 10.0.40219.1
Project("{FAE04EC0-301F-11D3-BF4B-00C04F79EFBC}") = "AppNews", "AppNews\AppNews.csproj", "{24750FBA-5F34-4DA7-826F-89D7A3945B6F}"
EndProject
Project("{FAE04EC0-301F-11D3-BF4B-00C04F79EFBC}") = "API", "API\API.csproj", "{D88B75B8-A2C0-4330-A24F-D303C0A2C2A6}"
EndProject
Global
	GlobalSection(SolutionConfigurationPlatforms) = preSolution
		Debug|Any CPU = Debug|Any CPU
		Release|Any CPU = Release|Any CPU
	EndGlobalSection
	GlobalSection(ProjectConfigurationPlatforms) = postSolution
		{24750FBA-5F34-4DA7-826F-89D7A3945B6F}.Debug|Any CPU.ActiveCfg = Debug|Any CPU
		{24750FBA-5F34-4DA7-826F-89D7A3945B6F}.Debug|Any CPU.Build.0 = Debug|Any CPU
		{24750FBA-5F34-4DA7-826F-89D7A3945B6F}.Release|Any CPU.ActiveCfg = Release|Any CPU
		{24750FBA-5F34-4DA7-826F-89D7A3945B6F}.Release|Any CPU.Build.0 = Release|Any CPU
		{D88B75B8-A2C0-4330-A24F-D303C0A2C2A6}.Debug|Any CPU.ActiveCfg = Debug|Any CPU
		{D88B75B8-A2C0-4330-A24F-D303C0A2C2A6}.Debug|Any CPU.Build.0 = Debug|Any CPU
		{D88B75B8-A2C0-4330-A24F-D303C0A2C2A6}.Release|Any CPU.ActiveCfg = Release|Any CPU
		{D88B75B8-A2C0-4330-A24F-D303C0A2C2A6}.Release|Any CPU.Build.0 = Release|Any CPU
	EndGlobalSection
	GlobalSection(SolutionProperties) = preSolution
		HideSolutionNode = FALSE
	EndGlobalSection
	GlobalSection(ExtensibilityGlobals) = postSolution
		SolutionGuid = {69305EA6-1C68-4853-B8D8-32B6D160E258}
	EndGlobalSection
EndGlobal
